
Microsoft Visual Studio Solution File, Format Version 12.00
# Visual Studio Version 16
VisualStudioVersion = 16.0.30523.141
MinimumVisualStudioVersion = 10.0.40219.1
Project("{FAE04EC0-301F-11D3-BF4B-00C04F79EFBC}") = "FireStorm.Server", "FireStorm\Server\FireStorm.Server.csproj", "{44051C78-2111-4109-A3BA-1BC4DE76DF6F}"
EndProject
Project("{FAE04EC0-301F-11D3-BF4B-00C04F79EFBC}") = "FireStorm.Client", "FireStorm\Client\FireStorm.Client.csproj", "{AD19D0C2-04D7-4062-9D94-D60CA8BE8C04}"
EndProject
Project("{FAE04EC0-301F-11D3-BF4B-00C04F79EFBC}") = "FireStorm.Shared", "FireStorm\Shared\FireStorm.Shared.csproj", "{339B50E2-5FC9-4183-98A6-8B1B1C89AC8C}"
EndProject
Global
	GlobalSection(SolutionConfigurationPlatforms) = preSolution
		Debug|Any CPU = Debug|Any CPU
		Release|Any CPU = Release|Any CPU
	EndGlobalSection
	GlobalSection(ProjectConfigurationPlatforms) = postSolution
		{44051C78-2111-4109-A3BA-1BC4DE76DF6F}.Debug|Any CPU.ActiveCfg = Debug|Any CPU
		{44051C78-2111-4109-A3BA-1BC4DE76DF6F}.Debug|Any CPU.Build.0 = Debug|Any CPU
		{44051C78-2111-4109-A3BA-1BC4DE76DF6F}.Release|Any CPU.ActiveCfg = Release|Any CPU
		{44051C78-2111-4109-A3BA-1BC4DE76DF6F}.Release|Any CPU.Build.0 = Release|Any CPU
		{AD19D0C2-04D7-4062-9D94-D60CA8BE8C04}.Debug|Any CPU.ActiveCfg = Debug|Any CPU
		{AD19D0C2-04D7-4062-9D94-D60CA8BE8C04}.Debug|Any CPU.Build.0 = Debug|Any CPU
		{AD19D0C2-04D7-4062-9D94-D60CA8BE8C04}.Release|Any CPU.ActiveCfg = Release|Any CPU
		{AD19D0C2-04D7-4062-9D94-D60CA8BE8C04}.Release|Any CPU.Build.0 = Release|Any CPU
		{339B50E2-5FC9-4183-98A6-8B1B1C89AC8C}.Debug|Any CPU.ActiveCfg = Debug|Any CPU
		{339B50E2-5FC9-4183-98A6-8B1B1C89AC8C}.Debug|Any CPU.Build.0 = Debug|Any CPU
		{339B50E2-5FC9-4183-98A6-8B1B1C89AC8C}.Release|Any CPU.ActiveCfg = Release|Any CPU
		{339B50E2-5FC9-4183-98A6-8B1B1C89AC8C}.Release|Any CPU.Build.0 = Release|Any CPU
	EndGlobalSection
	GlobalSection(SolutionProperties) = preSolution
		HideSolutionNode = FALSE
	EndGlobalSection
	GlobalSection(ExtensibilityGlobals) = postSolution
		SolutionGuid = {FE7ACC03-E759-44EA-A361-FED80D7D819D}
	EndGlobalSection
EndGlobal
